
Microsoft Visual Studio Solution File, Format Version 12.00
# Visual Studio Version 16
VisualStudioVersion = 16.0.29521.150
MinimumVisualStudioVersion = 10.0.40219.1
Project("{9A19103F-16F7-4668-BE54-9A1E7A4F7556}") = "Naloga2_Tkalcic", "Naloga2_Tkalcic\Naloga2_Tkalcic.csproj", "{903CE78C-5287-4EAD-8E5D-DE734FCD33F5}"
EndProject
Project("{9A19103F-16F7-4668-BE54-9A1E7A4F7556}") = "Feniks_WebApi", "Feniks_WebApi\Feniks_WebApi.csproj", "{B457B745-74AB-400C-82CB-C35E066DCAD4}"
EndProject
Project("{FAE04EC0-301F-11D3-BF4B-00C04F79EFBC}") = "Feniks_SeleniumTest", "Feniks_SeleniumTest\Feniks_SeleniumTest.csproj", "{F074308B-3742-4F87-A5F6-ADD610137209}"
EndProject
Global
	GlobalSection(SolutionConfigurationPlatforms) = preSolution
		Debug|Any CPU = Debug|Any CPU
		Release|Any CPU = Release|Any CPU
	EndGlobalSection
	GlobalSection(ProjectConfigurationPlatforms) = postSolution
		{903CE78C-5287-4EAD-8E5D-DE734FCD33F5}.Debug|Any CPU.ActiveCfg = Debug|Any CPU
		{903CE78C-5287-4EAD-8E5D-DE734FCD33F5}.Debug|Any CPU.Build.0 = Debug|Any CPU
		{903CE78C-5287-4EAD-8E5D-DE734FCD33F5}.Release|Any CPU.ActiveCfg = Release|Any CPU
		{903CE78C-5287-4EAD-8E5D-DE734FCD33F5}.Release|Any CPU.Build.0 = Release|Any CPU
		{B457B745-74AB-400C-82CB-C35E066DCAD4}.Debug|Any CPU.ActiveCfg = Debug|Any CPU
		{B457B745-74AB-400C-82CB-C35E066DCAD4}.Debug|Any CPU.Build.0 = Debug|Any CPU
		{B457B745-74AB-400C-82CB-C35E066DCAD4}.Release|Any CPU.ActiveCfg = Release|Any CPU
		{B457B745-74AB-400C-82CB-C35E066DCAD4}.Release|Any CPU.Build.0 = Release|Any CPU
		{F074308B-3742-4F87-A5F6-ADD610137209}.Debug|Any CPU.ActiveCfg = Debug|Any CPU
		{F074308B-3742-4F87-A5F6-ADD610137209}.Debug|Any CPU.Build.0 = Debug|Any CPU
		{F074308B-3742-4F87-A5F6-ADD610137209}.Release|Any CPU.ActiveCfg = Release|Any CPU
		{F074308B-3742-4F87-A5F6-ADD610137209}.Release|Any CPU.Build.0 = Release|Any CPU
	EndGlobalSection
	GlobalSection(SolutionProperties) = preSolution
		HideSolutionNode = FALSE
	EndGlobalSection
	GlobalSection(ExtensibilityGlobals) = postSolution
		SolutionGuid = {535A32AD-3D0F-4F53-8715-6EF3B7BE702E}
	EndGlobalSection
EndGlobal
